
Microsoft Visual Studio Solution File, Format Version 12.00
# Visual Studio Version 16
VisualStudioVersion = 16.0.29806.167
MinimumVisualStudioVersion = 10.0.40219.1
Project("{FAE04EC0-301F-11D3-BF4B-00C04F79EFBC}") = "GdPictureDemo", "GdPictureDemo\GdPictureDemo.csproj", "{3FE4DC9F-D2AA-428F-8178-85110CD548F1}"
EndProject
Global
	GlobalSection(SolutionConfigurationPlatforms) = preSolution
		Debug|Any CPU = Debug|Any CPU
		Release|Any CPU = Release|Any CPU
	EndGlobalSection
	GlobalSection(ProjectConfigurationPlatforms) = postSolution
		{3FE4DC9F-D2AA-428F-8178-85110CD548F1}.Debug|Any CPU.ActiveCfg = Debug|Any CPU
		{3FE4DC9F-D2AA-428F-8178-85110CD548F1}.Debug|Any CPU.Build.0 = Debug|Any CPU
		{3FE4DC9F-D2AA-428F-8178-85110CD548F1}.Release|Any CPU.ActiveCfg = Release|Any CPU
		{3FE4DC9F-D2AA-428F-8178-85110CD548F1}.Release|Any CPU.Build.0 = Release|Any CPU
	EndGlobalSection
	GlobalSection(SolutionProperties) = preSolution
		HideSolutionNode = FALSE
	EndGlobalSection
	GlobalSection(ExtensibilityGlobals) = postSolution
		SolutionGuid = {6985A6C6-F004-41E9-AC11-F7E733DE3637}
	EndGlobalSection
EndGlobal
